
Microsoft Visual Studio Solution File, Format Version 12.00
# Visual Studio Version 17
VisualStudioVersion = 17.1.32210.238
MinimumVisualStudioVersion = 10.0.40219.1
Project("{FAE04EC0-301F-11D3-BF4B-00C04F79EFBC}") = "trainingTwelve", "trainingTwelve\trainingTwelve.csproj", "{7D9654F1-C191-4E05-A318-44C88AD92DF1}"
EndProject
Global
	GlobalSection(SolutionConfigurationPlatforms) = preSolution
		Debug|Any CPU = Debug|Any CPU
		Release|Any CPU = Release|Any CPU
	EndGlobalSection
	GlobalSection(ProjectConfigurationPlatforms) = postSolution
		{7D9654F1-C191-4E05-A318-44C88AD92DF1}.Debug|Any CPU.ActiveCfg = Debug|Any CPU
		{7D9654F1-C191-4E05-A318-44C88AD92DF1}.Debug|Any CPU.Build.0 = Debug|Any CPU
		{7D9654F1-C191-4E05-A318-44C88AD92DF1}.Release|Any CPU.ActiveCfg = Release|Any CPU
		{7D9654F1-C191-4E05-A318-44C88AD92DF1}.Release|Any CPU.Build.0 = Release|Any CPU
	EndGlobalSection
	GlobalSection(SolutionProperties) = preSolution
		HideSolutionNode = FALSE
	EndGlobalSection
	GlobalSection(ExtensibilityGlobals) = postSolution
		SolutionGuid = {B96F4396-7D62-4D1B-9CE3-415E43236B6B}
	EndGlobalSection
EndGlobal
